
Microsoft Visual Studio Solution File, Format Version 12.00
# Visual Studio Version 17
VisualStudioVersion = 17.3.32922.545
MinimumVisualStudioVersion = 10.0.40219.1
Project("{FAE04EC0-301F-11D3-BF4B-00C04F79EFBC}") = "FractionProject", "FractionProject\FractionProject.csproj", "{EE25FE67-B789-4D28-8A68-42BEE45C17DE}"
EndProject
Project("{FAE04EC0-301F-11D3-BF4B-00C04F79EFBC}") = "TestsProject", "TestsProject\TestsProject.csproj", "{575E8FAD-F4DC-408A-B641-B0488ECD025F}"
EndProject
Global
	GlobalSection(SolutionConfigurationPlatforms) = preSolution
		Debug|Any CPU = Debug|Any CPU
		Release|Any CPU = Release|Any CPU
	EndGlobalSection
	GlobalSection(ProjectConfigurationPlatforms) = postSolution
		{EE25FE67-B789-4D28-8A68-42BEE45C17DE}.Debug|Any CPU.ActiveCfg = Debug|Any CPU
		{EE25FE67-B789-4D28-8A68-42BEE45C17DE}.Debug|Any CPU.Build.0 = Debug|Any CPU
		{EE25FE67-B789-4D28-8A68-42BEE45C17DE}.Release|Any CPU.ActiveCfg = Release|Any CPU
		{EE25FE67-B789-4D28-8A68-42BEE45C17DE}.Release|Any CPU.Build.0 = Release|Any CPU
		{575E8FAD-F4DC-408A-B641-B0488ECD025F}.Debug|Any CPU.ActiveCfg = Debug|Any CPU
		{575E8FAD-F4DC-408A-B641-B0488ECD025F}.Debug|Any CPU.Build.0 = Debug|Any CPU
		{575E8FAD-F4DC-408A-B641-B0488ECD025F}.Release|Any CPU.ActiveCfg = Release|Any CPU
		{575E8FAD-F4DC-408A-B641-B0488ECD025F}.Release|Any CPU.Build.0 = Release|Any CPU
	EndGlobalSection
	GlobalSection(SolutionProperties) = preSolution
		HideSolutionNode = FALSE
	EndGlobalSection
	GlobalSection(ExtensibilityGlobals) = postSolution
		SolutionGuid = {5A2E9F4C-5B68-486F-97F3-CEE146707F44}
	EndGlobalSection
EndGlobal
